# Multi-architecture image manifests verified for linux/arm64; POSTGRES_IMAGE reverified on 2026-09-03.
POSTGRES_IMAGE=docker.io/pgvector/pgvector:pg17@sha256:cf134a767f474095eeba57e0117be8e568e011a63f33fbf252f14c9b760f8e6f
REDIS_IMAGE=docker.io/library/redis:7.4.11-alpine@sha256:ff02b58f971e7d7d156a1267e283fcbbeee91773b6aa36c49dac28ecfe28eadf
KAFKA_IMAGE=docker.io/apache/kafka:3.7.2@sha256:8bd63e1bd445e5e19427a4bdbcc3d23bf6efd774b058a41b36ba87fda7623e34
KAFKA_UI_IMAGE=docker.io/provectuslabs/kafka-ui:v0.7.2@sha256:8f2ff02d64b0a7a2b71b6b3b3148b85f66d00ec20ad40c30bdcd415d46d31818
PROMETHEUS_IMAGE=docker.io/prom/prometheus:v3.13.1@sha256:3c42b892cf723fa54d2f262c37a0e1f80aa8c8ddb1da7b9b0df9455a35a7f893
GRAFANA_IMAGE=docker.io/grafana/grafana:13.1.0@sha256:121a7a9ece6dc10b969f1f96eed64b4f07dfac0d0b8abc070f7cb83bbde86f63
ZIPKIN_IMAGE=docker.io/openzipkin/zipkin:3.6.1@sha256:d17e856dcbba7ffeefbbfc252f89ab78a4ab6faed47e646d46daad78f91b5ee2
CADDY_IMAGE=docker.io/library/caddy:2-alpine@sha256:5f5c8640aae01df9654968d946d8f1a56c497f1dd5c5cda4cf95ab7c14d58648
